
Microsoft Visual Studio Solution File, Format Version 12.00
# Visual Studio Version 17
VisualStudioVersion = 17.1.32210.238
MinimumVisualStudioVersion = 10.0.40219.1
Project("{9A19103F-16F7-4668-BE54-9A1E7A4F7556}") = "UnraisedcodeWeb", "UnraisedcodeWeb\UnraisedcodeWeb.csproj", "{88180DCB-3620-4D5E-81FC-15A0D66D482F}"
EndProject
Global
	GlobalSection(SolutionConfigurationPlatforms) = preSolution
		Debug|Any CPU = Debug|Any CPU
		Release|Any CPU = Release|Any CPU
	EndGlobalSection
	GlobalSection(ProjectConfigurationPlatforms) = postSolution
		{88180DCB-3620-4D5E-81FC-15A0D66D482F}.Debug|Any CPU.ActiveCfg = Debug|Any CPU
		{88180DCB-3620-4D5E-81FC-15A0D66D482F}.Debug|Any CPU.Build.0 = Debug|Any CPU
		{88180DCB-3620-4D5E-81FC-15A0D66D482F}.Release|Any CPU.ActiveCfg = Release|Any CPU
		{88180DCB-3620-4D5E-81FC-15A0D66D482F}.Release|Any CPU.Build.0 = Release|Any CPU
	EndGlobalSection
	GlobalSection(SolutionProperties) = preSolution
		HideSolutionNode = FALSE
	EndGlobalSection
	GlobalSection(ExtensibilityGlobals) = postSolution
		SolutionGuid = {0C86CB1A-C87D-418C-8B41-84359144C6EF}
	EndGlobalSection
EndGlobal
